
Microsoft Visual Studio Solution File, Format Version 12.00
# Visual Studio Version 17
VisualStudioVersion = 17.5.002.0
MinimumVisualStudioVersion = 10.0.40219.1
Project("{9A19103F-16F7-4668-BE54-9A1E7A4F7556}") = "program013a-aritmeticka-posloupnost", "program013a-aritmeticka-posloupnost.csproj", "{560623E6-AA84-4229-B461-F5C5454A5FE3}"
EndProject
Global
	GlobalSection(SolutionConfigurationPlatforms) = preSolution
		Debug|Any CPU = Debug|Any CPU
		Release|Any CPU = Release|Any CPU
	EndGlobalSection
	GlobalSection(ProjectConfigurationPlatforms) = postSolution
		{560623E6-AA84-4229-B461-F5C5454A5FE3}.Debug|Any CPU.ActiveCfg = Debug|Any CPU
		{560623E6-AA84-4229-B461-F5C5454A5FE3}.Debug|Any CPU.Build.0 = Debug|Any CPU
		{560623E6-AA84-4229-B461-F5C5454A5FE3}.Release|Any CPU.ActiveCfg = Release|Any CPU
		{560623E6-AA84-4229-B461-F5C5454A5FE3}.Release|Any CPU.Build.0 = Release|Any CPU
	EndGlobalSection
	GlobalSection(SolutionProperties) = preSolution
		HideSolutionNode = FALSE
	EndGlobalSection
	GlobalSection(ExtensibilityGlobals) = postSolution
		SolutionGuid = {3B78121C-69C0-4781-A1F5-81331279C35E}
	EndGlobalSection
EndGlobal
